// !$*UTF8*$!
{
	archiveVersion = 1;
	classes = {
	};
	objectVersion = 50;
	objects = {

/* Begin PBXBuildFile section */
		3A2279D221D1356500D1CD38 /* ContainerScrollViewController.framework in Frameworks */ = {isa = PBXBuildFile; fileRef = 3AB822D021D0562300ED7576 /* ContainerScrollViewController.framework */; };
		3A2279D321D1356500D1CD38 /* ContainerScrollViewController.framework in Embed Frameworks */ = {isa = PBXBuildFile; fileRef = 3AB822D021D0562300ED7576 /* ContainerScrollViewController.framework */; settings = {ATTRIBUTES = (CodeSignOnCopy, RemoveHeadersOnCopy, ); }; };
		3A2279DD21D13C9C00D1CD38 /* SignUpBackgroundView.swift in Sources */ = {isa = PBXBuildFile; fileRef = 3A2279DC21D13C9C00D1CD38 /* SignUpBackgroundView.swift */; };
		3A2279DF21D14BFE00D1CD38 /* PillButton.swift in Sources */ = {isa = PBXBuildFile; fileRef = 3A2279DE21D14BFE00D1CD38 /* PillButton.swift */; };
		3A2279E121D14C1500D1CD38 /* PillTextField.swift in Sources */ = {isa = PBXBuildFile; fileRef = 3A2279E021D14C1500D1CD38 /* PillTextField.swift */; };
		3A2279E521D14F9400D1CD38 /* RoundedCornersImage.swift in Sources */ = {isa = PBXBuildFile; fileRef = 3A2279E421D14F9400D1CD38 /* RoundedCornersImage.swift */; };
		3A2A2C4D21D29CE400FA3D20 /* KeyboardObserver.swift in Sources */ = {isa = PBXBuildFile; fileRef = 3A2A2C4C21D29CE400FA3D20 /* KeyboardObserver.swift */; };
		3A7C480121D09DC200E464FD /* AppDelegate.swift in Sources */ = {isa = PBXBuildFile; fileRef = 3A7C480021D09DC200E464FD /* AppDelegate.swift */; };
		3A7C480321D09DC200E464FD /* SignUpViewController.swift in Sources */ = {isa = PBXBuildFile; fileRef = 3A7C480221D09DC200E464FD /* SignUpViewController.swift */; };
		3A7C480621D09DC200E464FD /* Main.storyboard in Resources */ = {isa = PBXBuildFile; fileRef = 3A7C480421D09DC200E464FD /* Main.storyboard */; };
		3A7C480821D09DC300E464FD /* Assets.xcassets in Resources */ = {isa = PBXBuildFile; fileRef = 3A7C480721D09DC300E464FD /* Assets.xcassets */; };
		3A7C480B21D09DC300E464FD /* LaunchScreen.storyboard in Resources */ = {isa = PBXBuildFile; fileRef = 3A7C480921D09DC300E464FD /* LaunchScreen.storyboard */; };
		3A7C481121D09EAE00E464FD /* SignUpEmbeddedViewController.swift in Sources */ = {isa = PBXBuildFile; fileRef = 3A7C481021D09EAE00E464FD /* SignUpEmbeddedViewController.swift */; };
		3AB822DA21D0562300ED7576 /* ContainerScrollViewController.framework in Frameworks */ = {isa = PBXBuildFile; fileRef = 3AB822D021D0562300ED7576 /* ContainerScrollViewController.framework */; };
		3AB822DF21D0562300ED7576 /* ContainerScrollViewControllerTests.swift in Sources */ = {isa = PBXBuildFile; fileRef = 3AB822DE21D0562300ED7576 /* ContainerScrollViewControllerTests.swift */; };
		3AB822E121D0562300ED7576 /* ContainerScrollViewController.h in Headers */ = {isa = PBXBuildFile; fileRef = 3AB822D321D0562300ED7576 /* ContainerScrollViewController.h */; settings = {ATTRIBUTES = (Public, ); }; };
		3AB822ED21D057B700ED7576 /* ContainerScrollViewController.swift in Sources */ = {isa = PBXBuildFile; fileRef = 3AB822EC21D057B700ED7576 /* ContainerScrollViewController.swift */; };
		3AB822EE21D057DD00ED7576 /* LICENSE in Resources */ = {isa = PBXBuildFile; fileRef = 3AB822EB21D0575200ED7576 /* LICENSE */; };
		3AFEB51821D3D4FD00BAAC5A /* KeyboardAdjustmentFilter.swift in Sources */ = {isa = PBXBuildFile; fileRef = 3AFEB51721D3D4FD00BAAC5A /* KeyboardAdjustmentFilter.swift */; };
		3AFEB51A21D3D51200BAAC5A /* KeyboardAdjustmentFilterDelegate.swift in Sources */ = {isa = PBXBuildFile; fileRef = 3AFEB51921D3D51200BAAC5A /* KeyboardAdjustmentFilterDelegate.swift */; };
/* End PBXBuildFile section */

/* Begin PBXContainerItemProxy section */
		3A2279D421D1356500D1CD38 /* PBXContainerItemProxy */ = {
			isa = PBXContainerItemProxy;
			containerPortal = 3AB822C721D0562300ED7576 /* Project object */;
			proxyType = 1;
			remoteGlobalIDString = 3AB822CF21D0562300ED7576;
			remoteInfo = ContainerScrollViewController;
		};
		3AB822DB21D0562300ED7576 /* PBXContainerItemProxy */ = {
			isa = PBXContainerItemProxy;
			containerPortal = 3AB822C721D0562300ED7576 /* Project object */;
			proxyType = 1;
			remoteGlobalIDString = 3AB822CF21D0562300ED7576;
			remoteInfo = ContainerScrollViewController;
		};
/* End PBXContainerItemProxy section */

/* Begin PBXCopyFilesBuildPhase section */
		3A2279D621D1356500D1CD38 /* Embed Frameworks */ = {
			isa = PBXCopyFilesBuildPhase;
			buildActionMask = 2147483647;
			dstPath = "";
			dstSubfolderSpec = 10;
			files = (
				3A2279D321D1356500D1CD38 /* ContainerScrollViewController.framework in Embed Frameworks */,
			);
			name = "Embed Frameworks";
			runOnlyForDeploymentPostprocessing = 0;
		};
/* End PBXCopyFilesBuildPhase section */

/* Begin PBXFileReference section */
		3A2279DC21D13C9C00D1CD38 /* SignUpBackgroundView.swift */ = {isa = PBXFileReference; lastKnownFileType = sourcecode.swift; path = SignUpBackgroundView.swift; sourceTree = "<group>"; };
		3A2279DE21D14BFE00D1CD38 /* PillButton.swift */ = {isa = PBXFileReference; lastKnownFileType = sourcecode.swift; path = PillButton.swift; sourceTree = "<group>"; };
		3A2279E021D14C1500D1CD38 /* PillTextField.swift */ = {isa = PBXFileReference; lastKnownFileType = sourcecode.swift; path = PillTextField.swift; sourceTree = "<group>"; };
		3A2279E421D14F9400D1CD38 /* RoundedCornersImage.swift */ = {isa = PBXFileReference; lastKnownFileType = sourcecode.swift; path = RoundedCornersImage.swift; sourceTree = "<group>"; };
		3A2A2C4C21D29CE400FA3D20 /* KeyboardObserver.swift */ = {isa = PBXFileReference; fileEncoding = 4; lastKnownFileType = sourcecode.swift; path = KeyboardObserver.swift; sourceTree = "<group>"; };
		3A7C47F921D091B100E464FD /* ContainerScrollViewController.podspec */ = {isa = PBXFileReference; lastKnownFileType = text; path = ContainerScrollViewController.podspec; sourceTree = "<group>"; };
		3A7C47FE21D09DC200E464FD /* Example.app */ = {isa = PBXFileReference; explicitFileType = wrapper.application; includeInIndex = 0; path = Example.app; sourceTree = BUILT_PRODUCTS_DIR; };
		3A7C480021D09DC200E464FD /* AppDelegate.swift */ = {isa = PBXFileReference; lastKnownFileType = sourcecode.swift; path = AppDelegate.swift; sourceTree = "<group>"; };
		3A7C480221D09DC200E464FD /* SignUpViewController.swift */ = {isa = PBXFileReference; lastKnownFileType = sourcecode.swift; path = SignUpViewController.swift; sourceTree = "<group>"; };
		3A7C480521D09DC200E464FD /* Base */ = {isa = PBXFileReference; lastKnownFileType = file.storyboard; name = Base; path = Base.lproj/Main.storyboard; sourceTree = "<group>"; };
		3A7C480721D09DC300E464FD /* Assets.xcassets */ = {isa = PBXFileReference; lastKnownFileType = folder.assetcatalog; path = Assets.xcassets; sourceTree = "<group>"; };
		3A7C480A21D09DC300E464FD /* Base */ = {isa = PBXFileReference; lastKnownFileType = file.storyboard; name = Base; path = Base.lproj/LaunchScreen.storyboard; sourceTree = "<group>"; };
		3A7C480C21D09DC300E464FD /* Info.plist */ = {isa = PBXFileReference; lastKnownFileType = text.plist.xml; path = Info.plist; sourceTree = "<group>"; };
		3A7C481021D09EAE00E464FD /* SignUpEmbeddedViewController.swift */ = {isa = PBXFileReference; lastKnownFileType = sourcecode.swift; path = SignUpEmbeddedViewController.swift; sourceTree = "<group>"; };
		3AB822D021D0562300ED7576 /* ContainerScrollViewController.framework */ = {isa = PBXFileReference; explicitFileType = wrapper.framework; includeInIndex = 0; path = ContainerScrollViewController.framework; sourceTree = BUILT_PRODUCTS_DIR; };
		3AB822D321D0562300ED7576 /* ContainerScrollViewController.h */ = {isa = PBXFileReference; lastKnownFileType = sourcecode.c.h; path = ContainerScrollViewController.h; sourceTree = "<group>"; };
		3AB822D421D0562300ED7576 /* Info.plist */ = {isa = PBXFileReference; lastKnownFileType = text.plist.xml; path = Info.plist; sourceTree = "<group>"; };
		3AB822D921D0562300ED7576 /* ContainerScrollViewControllerTests.xctest */ = {isa = PBXFileReference; explicitFileType = wrapper.cfbundle; includeInIndex = 0; path = ContainerScrollViewControllerTests.xctest; sourceTree = BUILT_PRODUCTS_DIR; };
		3AB822DE21D0562300ED7576 /* ContainerScrollViewControllerTests.swift */ = {isa = PBXFileReference; lastKnownFileType = sourcecode.swift; path = ContainerScrollViewControllerTests.swift; sourceTree = "<group>"; };
		3AB822E021D0562300ED7576 /* Info.plist */ = {isa = PBXFileReference; lastKnownFileType = text.plist.xml; path = Info.plist; sourceTree = "<group>"; };
		3AB822EA21D0575200ED7576 /* README.md */ = {isa = PBXFileReference; lastKnownFileType = net.daringfireball.markdown; path = README.md; sourceTree = "<group>"; };
		3AB822EB21D0575200ED7576 /* LICENSE */ = {isa = PBXFileReference; lastKnownFileType = text; path = LICENSE; sourceTree = "<group>"; };
		3AB822EC21D057B700ED7576 /* ContainerScrollViewController.swift */ = {isa = PBXFileReference; fileEncoding = 4; lastKnownFileType = sourcecode.swift; path = ContainerScrollViewController.swift; sourceTree = "<group>"; };
		3AFEB51721D3D4FD00BAAC5A /* KeyboardAdjustmentFilter.swift */ = {isa = PBXFileReference; lastKnownFileType = sourcecode.swift; path = KeyboardAdjustmentFilter.swift; sourceTree = "<group>"; };
		3AFEB51921D3D51200BAAC5A /* KeyboardAdjustmentFilterDelegate.swift */ = {isa = PBXFileReference; lastKnownFileType = sourcecode.swift; path = KeyboardAdjustmentFilterDelegate.swift; sourceTree = "<group>"; };
/* End PBXFileReference section */

/* Begin PBXFrameworksBuildPhase section */
		3A7C47FB21D09DC200E464FD /* Frameworks */ = {
			isa = PBXFrameworksBuildPhase;
			buildActionMask = 2147483647;
			files = (
				3A2279D221D1356500D1CD38 /* ContainerScrollViewController.framework in Frameworks */,
			);
			runOnlyForDeploymentPostprocessing = 0;
		};
		3AB822CD21D0562300ED7576 /* Frameworks */ = {
			isa = PBXFrameworksBuildPhase;
			buildActionMask = 2147483647;
			files = (
			);
			runOnlyForDeploymentPostprocessing = 0;
		};
		3AB822D621D0562300ED7576 /* Frameworks */ = {
			isa = PBXFrameworksBuildPhase;
			buildActionMask = 2147483647;
			files = (
				3AB822DA21D0562300ED7576 /* ContainerScrollViewController.framework in Frameworks */,
			);
			runOnlyForDeploymentPostprocessing = 0;
		};
/* End PBXFrameworksBuildPhase section */

/* Begin PBXGroup section */
		3A7C47FF21D09DC200E464FD /* Example */ = {
			isa = PBXGroup;
			children = (
				3A7C480021D09DC200E464FD /* AppDelegate.swift */,
				3A7C480221D09DC200E464FD /* SignUpViewController.swift */,
				3A7C481021D09EAE00E464FD /* SignUpEmbeddedViewController.swift */,
				3A2279DC21D13C9C00D1CD38 /* SignUpBackgroundView.swift */,
				3A2279DE21D14BFE00D1CD38 /* PillButton.swift */,
				3A2279E021D14C1500D1CD38 /* PillTextField.swift */,
				3A2279E421D14F9400D1CD38 /* RoundedCornersImage.swift */,
				3A7C480421D09DC200E464FD /* Main.storyboard */,
				3A7C480721D09DC300E464FD /* Assets.xcassets */,
				3A7C480921D09DC300E464FD /* LaunchScreen.storyboard */,
				3A7C480C21D09DC300E464FD /* Info.plist */,
			);
			path = Example;
			sourceTree = "<group>";
		};
		3A7C481221D0A06200E464FD /* Frameworks */ = {
			isa = PBXGroup;
			children = (
			);
			name = Frameworks;
			sourceTree = "<group>";
		};
		3AB822C621D0562300ED7576 = {
			isa = PBXGroup;
			children = (
				3AB822EB21D0575200ED7576 /* LICENSE */,
				3AB822EA21D0575200ED7576 /* README.md */,
				3A7C47F921D091B100E464FD /* ContainerScrollViewController.podspec */,
				3AB822D221D0562300ED7576 /* ContainerScrollViewController */,
				3AB822DD21D0562300ED7576 /* ContainerScrollViewControllerTests */,
				3A7C47FF21D09DC200E464FD /* Example */,
				3AB822D121D0562300ED7576 /* Products */,
				3A7C481221D0A06200E464FD /* Frameworks */,
			);
			sourceTree = "<group>";
		};
		3AB822D121D0562300ED7576 /* Products */ = {
			isa = PBXGroup;
			children = (
				3AB822D021D0562300ED7576 /* ContainerScrollViewController.framework */,
				3AB822D921D0562300ED7576 /* ContainerScrollViewControllerTests.xctest */,
				3A7C47FE21D09DC200E464FD /* Example.app */,
			);
			name = Products;
			sourceTree = "<group>";
		};
		3AB822D221D0562300ED7576 /* ContainerScrollViewController */ = {
			isa = PBXGroup;
			children = (
				3AB822D321D0562300ED7576 /* ContainerScrollViewController.h */,
				3AB822EC21D057B700ED7576 /* ContainerScrollViewController.swift */,
				3A2A2C4C21D29CE400FA3D20 /* KeyboardObserver.swift */,
				3AFEB51721D3D4FD00BAAC5A /* KeyboardAdjustmentFilter.swift */,
				3AFEB51921D3D51200BAAC5A /* KeyboardAdjustmentFilterDelegate.swift */,
				3AB822D421D0562300ED7576 /* Info.plist */,
			);
			path = ContainerScrollViewController;
			sourceTree = "<group>";
		};
		3AB822DD21D0562300ED7576 /* ContainerScrollViewControllerTests */ = {
			isa = PBXGroup;
			children = (
				3AB822DE21D0562300ED7576 /* ContainerScrollViewControllerTests.swift */,
				3AB822E021D0562300ED7576 /* Info.plist */,
			);
			path = ContainerScrollViewControllerTests;
			sourceTree = "<group>";
		};
/* End PBXGroup section */

/* Begin PBXHeadersBuildPhase section */
		3AB822CB21D0562300ED7576 /* Headers */ = {
			isa = PBXHeadersBuildPhase;
			buildActionMask = 2147483647;
			files = (
				3AB822E121D0562300ED7576 /* ContainerScrollViewController.h in Headers */,
			);
			runOnlyForDeploymentPostprocessing = 0;
		};
/* End PBXHeadersBuildPhase section */

/* Begin PBXNativeTarget section */
		3A7C47FD21D09DC200E464FD /* Example */ = {
			isa = PBXNativeTarget;
			buildConfigurationList = 3A7C480D21D09DC300E464FD /* Build configuration list for PBXNativeTarget "Example" */;
			buildPhases = (
				3A7C47FA21D09DC200E464FD /* Sources */,
				3A7C47FB21D09DC200E464FD /* Frameworks */,
				3A7C47FC21D09DC200E464FD /* Resources */,
				3A2279D621D1356500D1CD38 /* Embed Frameworks */,
			);
			buildRules = (
			);
			dependencies = (
				3A2279D521D1356500D1CD38 /* PBXTargetDependency */,
			);
			name = Example;
			productName = Example;
			productReference = 3A7C47FE21D09DC200E464FD /* Example.app */;
			productType = "com.apple.product-type.application";
		};
		3AB822CF21D0562300ED7576 /* ContainerScrollViewController */ = {
			isa = PBXNativeTarget;
			buildConfigurationList = 3AB822E421D0562300ED7576 /* Build configuration list for PBXNativeTarget "ContainerScrollViewController" */;
			buildPhases = (
				3AB822CB21D0562300ED7576 /* Headers */,
				3AB822CC21D0562300ED7576 /* Sources */,
				3AB822CD21D0562300ED7576 /* Frameworks */,
				3AB822CE21D0562300ED7576 /* Resources */,
			);
			buildRules = (
			);
			dependencies = (
			);
			name = ContainerScrollViewController;
			productName = ContainerScrollViewController;
			productReference = 3AB822D021D0562300ED7576 /* ContainerScrollViewController.framework */;
			productType = "com.apple.product-type.framework";
		};
		3AB822D821D0562300ED7576 /* ContainerScrollViewControllerTests */ = {
			isa = PBXNativeTarget;
			buildConfigurationList = 3AB822E721D0562300ED7576 /* Build configuration list for PBXNativeTarget "ContainerScrollViewControllerTests" */;
			buildPhases = (
				3AB822D521D0562300ED7576 /* Sources */,
				3AB822D621D0562300ED7576 /* Frameworks */,
				3AB822D721D0562300ED7576 /* Resources */,
			);
			buildRules = (
			);
			dependencies = (
				3AB822DC21D0562300ED7576 /* PBXTargetDependency */,
			);
			name = ContainerScrollViewControllerTests;
			productName = ContainerScrollViewControllerTests;
			productReference = 3AB822D921D0562300ED7576 /* ContainerScrollViewControllerTests.xctest */;
			productType = "com.apple.product-type.bundle.unit-test";
		};
/* End PBXNativeTarget section */

/* Begin PBXProject section */
		3AB822C721D0562300ED7576 /* Project object */ = {
			isa = PBXProject;
			attributes = {
				LastSwiftUpdateCheck = 1010;
				LastUpgradeCheck = 1010;
				ORGANIZATIONNAME = "Drew Olbrich";
				TargetAttributes = {
					3A7C47FD21D09DC200E464FD = {
						CreatedOnToolsVersion = 10.1;
					};
					3AB822CF21D0562300ED7576 = {
						CreatedOnToolsVersion = 10.1;
						LastSwiftMigration = 1010;
					};
					3AB822D821D0562300ED7576 = {
						CreatedOnToolsVersion = 10.1;
					};
				};
			};
			buildConfigurationList = 3AB822CA21D0562300ED7576 /* Build configuration list for PBXProject "ContainerScrollViewController" */;
			compatibilityVersion = "Xcode 9.3";
			developmentRegion = en;
			hasScannedForEncodings = 0;
			knownRegions = (
				en,
				Base,
			);
			mainGroup = 3AB822C621D0562300ED7576;
			productRefGroup = 3AB822D121D0562300ED7576 /* Products */;
			projectDirPath = "";
			projectRoot = "";
			targets = (
				3AB822CF21D0562300ED7576 /* ContainerScrollViewController */,
				3AB822D821D0562300ED7576 /* ContainerScrollViewControllerTests */,
				3A7C47FD21D09DC200E464FD /* Example */,
			);
		};
/* End PBXProject section */

/* Begin PBXResourcesBuildPhase section */
		3A7C47FC21D09DC200E464FD /* Resources */ = {
			isa = PBXResourcesBuildPhase;
			buildActionMask = 2147483647;
			files = (
				3A7C480B21D09DC300E464FD /* LaunchScreen.storyboard in Resources */,
				3A7C480821D09DC300E464FD /* Assets.xcassets in Resources */,
				3A7C480621D09DC200E464FD /* Main.storyboard in Resources */,
			);
			runOnlyForDeploymentPostprocessing = 0;
		};
		3AB822CE21D0562300ED7576 /* Resources */ = {
			isa = PBXResourcesBuildPhase;
			buildActionMask = 2147483647;
			files = (
				3AB822EE21D057DD00ED7576 /* LICENSE in Resources */,
			);
			runOnlyForDeploymentPostprocessing = 0;
		};
		3AB822D721D0562300ED7576 /* Resources */ = {
			isa = PBXResourcesBuildPhase;
			buildActionMask = 2147483647;
			files = (
			);
			runOnlyForDeploymentPostprocessing = 0;
		};
/* End PBXResourcesBuildPhase section */

/* Begin PBXSourcesBuildPhase section */
		3A7C47FA21D09DC200E464FD /* Sources */ = {
			isa = PBXSourcesBuildPhase;
			buildActionMask = 2147483647;
			files = (
				3A2279DF21D14BFE00D1CD38 /* PillButton.swift in Sources */,
				3A7C481121D09EAE00E464FD /* SignUpEmbeddedViewController.swift in Sources */,
				3A7C480321D09DC200E464FD /* SignUpViewController.swift in Sources */,
				3A2279DD21D13C9C00D1CD38 /* SignUpBackgroundView.swift in Sources */,
				3A2279E121D14C1500D1CD38 /* PillTextField.swift in Sources */,
				3A2279E521D14F9400D1CD38 /* RoundedCornersImage.swift in Sources */,
				3A7C480121D09DC200E464FD /* AppDelegate.swift in Sources */,
			);
			runOnlyForDeploymentPostprocessing = 0;
		};
		3AB822CC21D0562300ED7576 /* Sources */ = {
			isa = PBXSourcesBuildPhase;
			buildActionMask = 2147483647;
			files = (
				3AFEB51821D3D4FD00BAAC5A /* KeyboardAdjustmentFilter.swift in Sources */,
				3A2A2C4D21D29CE400FA3D20 /* KeyboardObserver.swift in Sources */,
				3AFEB51A21D3D51200BAAC5A /* KeyboardAdjustmentFilterDelegate.swift in Sources */,
				3AB822ED21D057B700ED7576 /* ContainerScrollViewController.swift in Sources */,
			);
			runOnlyForDeploymentPostprocessing = 0;
		};
		3AB822D521D0562300ED7576 /* Sources */ = {
			isa = PBXSourcesBuildPhase;
			buildActionMask = 2147483647;
			files = (
				3AB822DF21D0562300ED7576 /* ContainerScrollViewControllerTests.swift in Sources */,
			);
			runOnlyForDeploymentPostprocessing = 0;
		};
/* End PBXSourcesBuildPhase section */

/* Begin PBXTargetDependency section */
		3A2279D521D1356500D1CD38 /* PBXTargetDependency */ = {
			isa = PBXTargetDependency;
			target = 3AB822CF21D0562300ED7576 /* ContainerScrollViewController */;
			targetProxy = 3A2279D421D1356500D1CD38 /* PBXContainerItemProxy */;
		};
		3AB822DC21D0562300ED7576 /* PBXTargetDependency */ = {
			isa = PBXTargetDependency;
			target = 3AB822CF21D0562300ED7576 /* ContainerScrollViewController */;
			targetProxy = 3AB822DB21D0562300ED7576 /* PBXContainerItemProxy */;
		};
/* End PBXTargetDependency section */

/* Begin PBXVariantGroup section */
		3A7C480421D09DC200E464FD /* Main.storyboard */ = {
			isa = PBXVariantGroup;
			children = (
				3A7C480521D09DC200E464FD /* Base */,
			);
			name = Main.storyboard;
			sourceTree = "<group>";
		};
		3A7C480921D09DC300E464FD /* LaunchScreen.storyboard */ = {
			isa = PBXVariantGroup;
			children = (
				3A7C480A21D09DC300E464FD /* Base */,
			);
			name = LaunchScreen.storyboard;
			sourceTree = "<group>";
		};
/* End PBXVariantGroup section */

/* Begin XCBuildConfiguration section */
		3A7C480E21D09DC300E464FD /* Debug */ = {
			isa = XCBuildConfiguration;
			buildSettings = {
				ALWAYS_EMBED_SWIFT_STANDARD_LIBRARIES = YES;
				ASSETCATALOG_COMPILER_APPICON_NAME = AppIcon;
				CODE_SIGN_STYLE = Automatic;
				DEVELOPMENT_TEAM = 88HA7759D7;
				INFOPLIST_FILE = Example/Info.plist;
				LD_RUNPATH_SEARCH_PATHS = (
					"$(inherited)",
					"@executable_path/Frameworks",
				);
				PRODUCT_BUNDLE_IDENTIFIER = com.retroactivefiasco.ContainerScrollViewControllerExample;
				PRODUCT_NAME = "$(TARGET_NAME)";
				SWIFT_VERSION = 4.2;
				TARGETED_DEVICE_FAMILY = "1,2";
			};
			name = Debug;
		};
		3A7C480F21D09DC300E464FD /* Release */ = {
			isa = XCBuildConfiguration;
			buildSettings = {
				ALWAYS_EMBED_SWIFT_STANDARD_LIBRARIES = YES;
				ASSETCATALOG_COMPILER_APPICON_NAME = AppIcon;
				CODE_SIGN_STYLE = Automatic;
				DEVELOPMENT_TEAM = 88HA7759D7;
				INFOPLIST_FILE = Example/Info.plist;
				LD_RUNPATH_SEARCH_PATHS = (
					"$(inherited)",
					"@executable_path/Frameworks",
				);
				PRODUCT_BUNDLE_IDENTIFIER = com.retroactivefiasco.ContainerScrollViewControllerExample;
				PRODUCT_NAME = "$(TARGET_NAME)";
				SWIFT_VERSION = 4.2;
				TARGETED_DEVICE_FAMILY = "1,2";
			};
			name = Release;
		};
		3AB822E221D0562300ED7576 /* Debug */ = {
			isa = XCBuildConfiguration;
			buildSettings = {
				ALWAYS_SEARCH_USER_PATHS = NO;
				CLANG_ANALYZER_NONNULL = YES;
				CLANG_ANALYZER_NUMBER_OBJECT_CONVERSION = YES_AGGRESSIVE;
				CLANG_CXX_LANGUAGE_STANDARD = "gnu++14";
				CLANG_CXX_LIBRARY = "libc++";
				CLANG_ENABLE_MODULES = YES;
				CLANG_ENABLE_OBJC_ARC = YES;
				CLANG_ENABLE_OBJC_WEAK = YES;
				CLANG_WARN_BLOCK_CAPTURE_AUTORELEASING = YES;
				CLANG_WARN_BOOL_CONVERSION = YES;
				CLANG_WARN_COMMA = YES;
				CLANG_WARN_CONSTANT_CONVERSION = YES;
				CLANG_WARN_DEPRECATED_OBJC_IMPLEMENTATIONS = YES;
				CLANG_WARN_DIRECT_OBJC_ISA_USAGE = YES_ERROR;
				CLANG_WARN_DOCUMENTATION_COMMENTS = YES;
				CLANG_WARN_EMPTY_BODY = YES;
				CLANG_WARN_ENUM_CONVERSION = YES;
				CLANG_WARN_INFINITE_RECURSION = YES;
				CLANG_WARN_INT_CONVERSION = YES;
				CLANG_WARN_NON_LITERAL_NULL_CONVERSION = YES;
				CLANG_WARN_OBJC_IMPLICIT_RETAIN_SELF = YES;
				CLANG_WARN_OBJC_LITERAL_CONVERSION = YES;
				CLANG_WARN_OBJC_ROOT_CLASS = YES_ERROR;
				CLANG_WARN_RANGE_LOOP_ANALYSIS = YES;
				CLANG_WARN_STRICT_PROTOTYPES = YES;
				CLANG_WARN_SUSPICIOUS_MOVE = YES;
				CLANG_WARN_UNGUARDED_AVAILABILITY = YES_AGGRESSIVE;
				CLANG_WARN_UNREACHABLE_CODE = YES;
				CLANG_WARN__DUPLICATE_METHOD_MATCH = YES;
				CODE_SIGN_IDENTITY = "iPhone Developer";
				COPY_PHASE_STRIP = NO;
				CURRENT_PROJECT_VERSION = 1;
				DEBUG_INFORMATION_FORMAT = dwarf;
				ENABLE_STRICT_OBJC_MSGSEND = YES;
				ENABLE_TESTABILITY = YES;
				GCC_C_LANGUAGE_STANDARD = gnu11;
				GCC_DYNAMIC_NO_PIC = NO;
				GCC_NO_COMMON_BLOCKS = YES;
				GCC_OPTIMIZATION_LEVEL = 0;
				GCC_PREPROCESSOR_DEFINITIONS = (
					"DEBUG=1",
					"$(inherited)",
				);
				GCC_WARN_64_TO_32_BIT_CONVERSION = YES;
				GCC_WARN_ABOUT_RETURN_TYPE = YES_ERROR;
				GCC_WARN_UNDECLARED_SELECTOR = YES;
				GCC_WARN_UNINITIALIZED_AUTOS = YES_AGGRESSIVE;
				GCC_WARN_UNUSED_FUNCTION = YES;
				GCC_WARN_UNUSED_VARIABLE = YES;
				IPHONEOS_DEPLOYMENT_TARGET = 11.0;
				MTL_ENABLE_DEBUG_INFO = INCLUDE_SOURCE;
				MTL_FAST_MATH = YES;
				ONLY_ACTIVE_ARCH = YES;
				SDKROOT = iphoneos;
				SWIFT_ACTIVE_COMPILATION_CONDITIONS = DEBUG;
				SWIFT_OPTIMIZATION_LEVEL = "-Onone";
				VERSIONING_SYSTEM = "apple-generic";
				VERSION_INFO_PREFIX = "";
			};
			name = Debug;
		};
		3AB822E321D0562300ED7576 /* Release */ = {
			isa = XCBuildConfiguration;
			buildSettings = {
				ALWAYS_SEARCH_USER_PATHS = NO;
				CLANG_ANALYZER_NONNULL = YES;
				CLANG_ANALYZER_NUMBER_OBJECT_CONVERSION = YES_AGGRESSIVE;
				CLANG_CXX_LANGUAGE_STANDARD = "gnu++14";
				CLANG_CXX_LIBRARY = "libc++";
				CLANG_ENABLE_MODULES = YES;
				CLANG_ENABLE_OBJC_ARC = YES;
				CLANG_ENABLE_OBJC_WEAK = YES;
				CLANG_WARN_BLOCK_CAPTURE_AUTORELEASING = YES;
				CLANG_WARN_BOOL_CONVERSION = YES;
				CLANG_WARN_COMMA = YES;
				CLANG_WARN_CONSTANT_CONVERSION = YES;
				CLANG_WARN_DEPRECATED_OBJC_IMPLEMENTATIONS = YES;
				CLANG_WARN_DIRECT_OBJC_ISA_USAGE = YES_ERROR;
				CLANG_WARN_DOCUMENTATION_COMMENTS = YES;
				CLANG_WARN_EMPTY_BODY = YES;
				CLANG_WARN_ENUM_CONVERSION = YES;
				CLANG_WARN_INFINITE_RECURSION = YES;
				CLANG_WARN_INT_CONVERSION = YES;
				CLANG_WARN_NON_LITERAL_NULL_CONVERSION = YES;
				CLANG_WARN_OBJC_IMPLICIT_RETAIN_SELF = YES;
				CLANG_WARN_OBJC_LITERAL_CONVERSION = YES;
				CLANG_WARN_OBJC_ROOT_CLASS = YES_ERROR;
				CLANG_WARN_RANGE_LOOP_ANALYSIS = YES;
				CLANG_WARN_STRICT_PROTOTYPES = YES;
				CLANG_WARN_SUSPICIOUS_MOVE = YES;
				CLANG_WARN_UNGUARDED_AVAILABILITY = YES_AGGRESSIVE;
				CLANG_WARN_UNREACHABLE_CODE = YES;
				CLANG_WARN__DUPLICATE_METHOD_MATCH = YES;
				CODE_SIGN_IDENTITY = "iPhone Developer";
				COPY_PHASE_STRIP = NO;
				CURRENT_PROJECT_VERSION = 1;
				DEBUG_INFORMATION_FORMAT = "dwarf-with-dsym";
				ENABLE_NS_ASSERTIONS = NO;
				ENABLE_STRICT_OBJC_MSGSEND = YES;
				GCC_C_LANGUAGE_STANDARD = gnu11;
				GCC_NO_COMMON_BLOCKS = YES;
				GCC_WARN_64_TO_32_BIT_CONVERSION = YES;
				GCC_WARN_ABOUT_RETURN_TYPE = YES_ERROR;
				GCC_WARN_UNDECLARED_SELECTOR = YES;
				GCC_WARN_UNINITIALIZED_AUTOS = YES_AGGRESSIVE;
				GCC_WARN_UNUSED_FUNCTION = YES;
				GCC_WARN_UNUSED_VARIABLE = YES;
				IPHONEOS_DEPLOYMENT_TARGET = 11.0;
				MTL_ENABLE_DEBUG_INFO = NO;
				MTL_FAST_MATH = YES;
				SDKROOT = iphoneos;
				SWIFT_COMPILATION_MODE = wholemodule;
				SWIFT_OPTIMIZATION_LEVEL = "-O";
				VALIDATE_PRODUCT = YES;
				VERSIONING_SYSTEM = "apple-generic";
				VERSION_INFO_PREFIX = "";
			};
			name = Release;
		};
		3AB822E521D0562300ED7576 /* Debug */ = {
			isa = XCBuildConfiguration;
			buildSettings = {
				CLANG_ENABLE_MODULES = YES;
				CODE_SIGN_IDENTITY = "";
				CODE_SIGN_STYLE = Automatic;
				DEFINES_MODULE = YES;
				DEVELOPMENT_TEAM = 88HA7759D7;
				DYLIB_COMPATIBILITY_VERSION = 1;
				DYLIB_CURRENT_VERSION = 1;
				DYLIB_INSTALL_NAME_BASE = "@rpath";
				INFOPLIST_FILE = ContainerScrollViewController/Info.plist;
				INSTALL_PATH = "$(LOCAL_LIBRARY_DIR)/Frameworks";
				LD_RUNPATH_SEARCH_PATHS = (
					"$(inherited)",
					"@executable_path/Frameworks",
					"@loader_path/Frameworks",
				);
				PRODUCT_BUNDLE_IDENTIFIER = com.retroactivefiasco.ContainerScrollViewController;
				PRODUCT_NAME = "$(TARGET_NAME:c99extidentifier)";
				SKIP_INSTALL = YES;
				SWIFT_OPTIMIZATION_LEVEL = "-Onone";
				SWIFT_VERSION = 4.2;
				TARGETED_DEVICE_FAMILY = "1,2";
			};
			name = Debug;
		};
		3AB822E621D0562300ED7576 /* Release */ = {
			isa = XCBuildConfiguration;
			buildSettings = {
				CLANG_ENABLE_MODULES = YES;
				CODE_SIGN_IDENTITY = "";
				CODE_SIGN_STYLE = Automatic;
				DEFINES_MODULE = YES;
				DEVELOPMENT_TEAM = 88HA7759D7;
				DYLIB_COMPATIBILITY_VERSION = 1;
				DYLIB_CURRENT_VERSION = 1;
				DYLIB_INSTALL_NAME_BASE = "@rpath";
				INFOPLIST_FILE = ContainerScrollViewController/Info.plist;
				INSTALL_PATH = "$(LOCAL_LIBRARY_DIR)/Frameworks";
				LD_RUNPATH_SEARCH_PATHS = (
					"$(inherited)",
					"@executable_path/Frameworks",
					"@loader_path/Frameworks",
				);
				PRODUCT_BUNDLE_IDENTIFIER = com.retroactivefiasco.ContainerScrollViewController;
				PRODUCT_NAME = "$(TARGET_NAME:c99extidentifier)";
				SKIP_INSTALL = YES;
				SWIFT_VERSION = 4.2;
				TARGETED_DEVICE_FAMILY = "1,2";
			};
			name = Release;
		};
		3AB822E821D0562300ED7576 /* Debug */ = {
			isa = XCBuildConfiguration;
			buildSettings = {
				ALWAYS_EMBED_SWIFT_STANDARD_LIBRARIES = YES;
				CODE_SIGN_STYLE = Automatic;
				DEVELOPMENT_TEAM = 88HA7759D7;
				INFOPLIST_FILE = ContainerScrollViewControllerTests/Info.plist;
				LD_RUNPATH_SEARCH_PATHS = (
					"$(inherited)",
					"@executable_path/Frameworks",
					"@loader_path/Frameworks",
				);
				PRODUCT_BUNDLE_IDENTIFIER = com.retroactivefiasco.ContainerScrollViewControllerTests;
				PRODUCT_NAME = "$(TARGET_NAME)";
				SWIFT_VERSION = 4.2;
				TARGETED_DEVICE_FAMILY = "1,2";
			};
			name = Debug;
		};
		3AB822E921D0562300ED7576 /* Release */ = {
			isa = XCBuildConfiguration;
			buildSettings = {
				ALWAYS_EMBED_SWIFT_STANDARD_LIBRARIES = YES;
				CODE_SIGN_STYLE = Automatic;
				DEVELOPMENT_TEAM = 88HA7759D7;
				INFOPLIST_FILE = ContainerScrollViewControllerTests/Info.plist;
				LD_RUNPATH_SEARCH_PATHS = (
					"$(inherited)",
					"@executable_path/Frameworks",
					"@loader_path/Frameworks",
				);
				PRODUCT_BUNDLE_IDENTIFIER = com.retroactivefiasco.ContainerScrollViewControllerTests;
				PRODUCT_NAME = "$(TARGET_NAME)";
				SWIFT_VERSION = 4.2;
				TARGETED_DEVICE_FAMILY = "1,2";
			};
			name = Release;
		};
/* End XCBuildConfiguration section */

/* Begin XCConfigurationList section */
		3A7C480D21D09DC300E464FD /* Build configuration list for PBXNativeTarget "Example" */ = {
			isa = XCConfigurationList;
			buildConfigurations = (
				3A7C480E21D09DC300E464FD /* Debug */,
				3A7C480F21D09DC300E464FD /* Release */,
			);
			defaultConfigurationIsVisible = 0;
			defaultConfigurationName = Release;
		};
		3AB822CA21D0562300ED7576 /* Build configuration list for PBXProject "ContainerScrollViewController" */ = {
			isa = XCConfigurationList;
			buildConfigurations = (
				3AB822E221D0562300ED7576 /* Debug */,
				3AB822E321D0562300ED7576 /* Release */,
			);
			defaultConfigurationIsVisible = 0;
			defaultConfigurationName = Release;
		};
		3AB822E421D0562300ED7576 /* Build configuration list for PBXNativeTarget "ContainerScrollViewController" */ = {
			isa = XCConfigurationList;
			buildConfigurations = (
				3AB822E521D0562300ED7576 /* Debug */,
				3AB822E621D0562300ED7576 /* Release */,
			);
			defaultConfigurationIsVisible = 0;
			defaultConfigurationName = Release;
		};
		3AB822E721D0562300ED7576 /* Build configuration list for PBXNativeTarget "ContainerScrollViewControllerTests" */ = {
			isa = XCConfigurationList;
			buildConfigurations = (
				3AB822E821D0562300ED7576 /* Debug */,
				3AB822E921D0562300ED7576 /* Release */,
			);
			defaultConfigurationIsVisible = 0;
			defaultConfigurationName = Release;
		};
/* End XCConfigurationList section */
	};
	rootObject = 3AB822C721D0562300ED7576 /* Project object */;
}
